
Microsoft Visual Studio Solution File, Format Version 12.00
# Visual Studio Version 16
VisualStudioVersion = 16.0.29613.14
MinimumVisualStudioVersion = 10.0.40219.1
Project("{FAE04EC0-301F-11D3-BF4B-00C04F79EFBC}") = "AgiBackEnd", "AgiBackEnd\AgiBackEnd.csproj", "{A2758046-212E-4570-815A-C67B6689EF6F}"
EndProject
Global
	GlobalSection(SolutionConfigurationPlatforms) = preSolution
		Debug|Any CPU = Debug|Any CPU
		Release|Any CPU = Release|Any CPU
	EndGlobalSection
	GlobalSection(ProjectConfigurationPlatforms) = postSolution
		{A2758046-212E-4570-815A-C67B6689EF6F}.Debug|Any CPU.ActiveCfg = Debug|Any CPU
		{A2758046-212E-4570-815A-C67B6689EF6F}.Debug|Any CPU.Build.0 = Debug|Any CPU
		{A2758046-212E-4570-815A-C67B6689EF6F}.Release|Any CPU.ActiveCfg = Release|Any CPU
		{A2758046-212E-4570-815A-C67B6689EF6F}.Release|Any CPU.Build.0 = Release|Any CPU
	EndGlobalSection
	GlobalSection(SolutionProperties) = preSolution
		HideSolutionNode = FALSE
	EndGlobalSection
	GlobalSection(ExtensibilityGlobals) = postSolution
		SolutionGuid = {B698562E-36AA-45B0-8E2F-3904AC8452D0}
	EndGlobalSection
EndGlobal
